
Microsoft Visual Studio Solution File, Format Version 12.00
# Visual Studio Version 17
VisualStudioVersion = 17.5.002.0
MinimumVisualStudioVersion = 10.0.40219.1
Project("{2150E333-8FDC-42A3-9474-1A3956D46DE8}") = "AZ-204", "AZ-204", "{44E8C2A8-D0BD-4EBE-91C9-45BD8AE35EA2}"
EndProject
Project("{2150E333-8FDC-42A3-9474-1A3956D46DE8}") = "sample", "sample", "{FD3F8636-0E64-4414-B20A-4D3978B3156F}"
EndProject
Project("{9A19103F-16F7-4668-BE54-9A1E7A4F7556}") = "blob2", "AZ-204\sample\blob2\blob2.csproj", "{11212BC3-AF92-4B46-9658-DCC67680C70B}"
EndProject
Global
	GlobalSection(SolutionConfigurationPlatforms) = preSolution
		Debug|Any CPU = Debug|Any CPU
		Release|Any CPU = Release|Any CPU
	EndGlobalSection
	GlobalSection(ProjectConfigurationPlatforms) = postSolution
		{11212BC3-AF92-4B46-9658-DCC67680C70B}.Debug|Any CPU.ActiveCfg = Debug|Any CPU
		{11212BC3-AF92-4B46-9658-DCC67680C70B}.Debug|Any CPU.Build.0 = Debug|Any CPU
		{11212BC3-AF92-4B46-9658-DCC67680C70B}.Release|Any CPU.ActiveCfg = Release|Any CPU
		{11212BC3-AF92-4B46-9658-DCC67680C70B}.Release|Any CPU.Build.0 = Release|Any CPU
	EndGlobalSection
	GlobalSection(SolutionProperties) = preSolution
		HideSolutionNode = FALSE
	EndGlobalSection
	GlobalSection(NestedProjects) = preSolution
		{FD3F8636-0E64-4414-B20A-4D3978B3156F} = {44E8C2A8-D0BD-4EBE-91C9-45BD8AE35EA2}
		{11212BC3-AF92-4B46-9658-DCC67680C70B} = {FD3F8636-0E64-4414-B20A-4D3978B3156F}
	EndGlobalSection
	GlobalSection(ExtensibilityGlobals) = postSolution
		SolutionGuid = {03D3A83A-064F-48BE-93E4-DF9285B3F9FB}
	EndGlobalSection
EndGlobal
